
Microsoft Visual Studio Solution File, Format Version 12.00
# Visual Studio Version 17
VisualStudioVersion = 17.14.36109.1 d17.14
MinimumVisualStudioVersion = 10.0.40219.1
Project("{FAE04EC0-301F-11D3-BF4B-00C04F79EFBC}") = "BusinessObjects", "BusinessObjects\BusinessObjects.csproj", "{ABBB7E9C-432A-41FA-9FF1-DEF8D4F53973}"
EndProject
Project("{FAE04EC0-301F-11D3-BF4B-00C04F79EFBC}") = "DataAccessObjects", "DataAccessObjects\DataAccessObjects.csproj", "{7330DFBC-4D91-4A61-BE5E-473833CF8DD7}"
EndProject
Project("{FAE04EC0-301F-11D3-BF4B-00C04F79EFBC}") = "Repositories", "Repositories\Repositories.csproj", "{743A97B9-A902-4DF6-B884-B759926E402C}"
EndProject
Project("{FAE04EC0-301F-11D3-BF4B-00C04F79EFBC}") = "Services", "Services\Services.csproj", "{FAF431AC-7C51-4BF9-97CA-B313594CAFC0}"
EndProject
Global
	GlobalSection(SolutionConfigurationPlatforms) = preSolution
		Debug|Any CPU = Debug|Any CPU
		Release|Any CPU = Release|Any CPU
	EndGlobalSection
	GlobalSection(ProjectConfigurationPlatforms) = postSolution
		{ABBB7E9C-432A-41FA-9FF1-DEF8D4F53973}.Debug|Any CPU.ActiveCfg = Debug|Any CPU
		{ABBB7E9C-432A-41FA-9FF1-DEF8D4F53973}.Debug|Any CPU.Build.0 = Debug|Any CPU
		{ABBB7E9C-432A-41FA-9FF1-DEF8D4F53973}.Release|Any CPU.ActiveCfg = Release|Any CPU
		{ABBB7E9C-432A-41FA-9FF1-DEF8D4F53973}.Release|Any CPU.Build.0 = Release|Any CPU
		{7330DFBC-4D91-4A61-BE5E-473833CF8DD7}.Debug|Any CPU.ActiveCfg = Debug|Any CPU
		{7330DFBC-4D91-4A61-BE5E-473833CF8DD7}.Debug|Any CPU.Build.0 = Debug|Any CPU
		{7330DFBC-4D91-4A61-BE5E-473833CF8DD7}.Release|Any CPU.ActiveCfg = Release|Any CPU
		{7330DFBC-4D91-4A61-BE5E-473833CF8DD7}.Release|Any CPU.Build.0 = Release|Any CPU
		{743A97B9-A902-4DF6-B884-B759926E402C}.Debug|Any CPU.ActiveCfg = Debug|Any CPU
		{743A97B9-A902-4DF6-B884-B759926E402C}.Debug|Any CPU.Build.0 = Debug|Any CPU
		{743A97B9-A902-4DF6-B884-B759926E402C}.Release|Any CPU.ActiveCfg = Release|Any CPU
		{743A97B9-A902-4DF6-B884-B759926E402C}.Release|Any CPU.Build.0 = Release|Any CPU
		{FAF431AC-7C51-4BF9-97CA-B313594CAFC0}.Debug|Any CPU.ActiveCfg = Debug|Any CPU
		{FAF431AC-7C51-4BF9-97CA-B313594CAFC0}.Debug|Any CPU.Build.0 = Debug|Any CPU
		{FAF431AC-7C51-4BF9-97CA-B313594CAFC0}.Release|Any CPU.ActiveCfg = Release|Any CPU
		{FAF431AC-7C51-4BF9-97CA-B313594CAFC0}.Release|Any CPU.Build.0 = Release|Any CPU
	EndGlobalSection
	GlobalSection(SolutionProperties) = preSolution
		HideSolutionNode = FALSE
	EndGlobalSection
	GlobalSection(ExtensibilityGlobals) = postSolution
		SolutionGuid = {95805FAC-782E-4F3A-9888-DAED1543A334}
	EndGlobalSection
EndGlobal
